
Microsoft Visual Studio Solution File, Format Version 12.00
# Visual Studio Version 17
VisualStudioVersion = 17.2.32505.173
MinimumVisualStudioVersion = 10.0.40219.1
Project("{FAE04EC0-301F-11D3-BF4B-00C04F79EFBC}") = "Blog Projesi", "Blog Projesi\Blog Projesi.csproj", "{3381A8AF-0EA4-4F7E-B90A-853150CB713B}"
EndProject
Project("{FAE04EC0-301F-11D3-BF4B-00C04F79EFBC}") = "BusinessLayer", "BusinessLayer\BusinessLayer.csproj", "{AA88E613-8E97-40B8-A9DD-2A6DF4F24EF7}"
EndProject
Project("{FAE04EC0-301F-11D3-BF4B-00C04F79EFBC}") = "CoreLayer", "CoreLayer\CoreLayer.csproj", "{FD93E47E-05AD-4F19-9C51-C7231243B980}"
EndProject
Project("{FAE04EC0-301F-11D3-BF4B-00C04F79EFBC}") = "DataAccessLayer", "DataAccessLayer\DataAccessLayer.csproj", "{EE9D7835-FCBB-467A-B91C-66AC5FAF650B}"
EndProject
Project("{FAE04EC0-301F-11D3-BF4B-00C04F79EFBC}") = "EntityLayer", "EntityLayer\EntityLayer.csproj", "{68304F87-699B-457A-978F-029DABB9121A}"
EndProject
Global
	GlobalSection(SolutionConfigurationPlatforms) = preSolution
		Debug|Any CPU = Debug|Any CPU
		Release|Any CPU = Release|Any CPU
	EndGlobalSection
	GlobalSection(ProjectConfigurationPlatforms) = postSolution
		{3381A8AF-0EA4-4F7E-B90A-853150CB713B}.Debug|Any CPU.ActiveCfg = Debug|Any CPU
		{3381A8AF-0EA4-4F7E-B90A-853150CB713B}.Debug|Any CPU.Build.0 = Debug|Any CPU
		{3381A8AF-0EA4-4F7E-B90A-853150CB713B}.Release|Any CPU.ActiveCfg = Release|Any CPU
		{3381A8AF-0EA4-4F7E-B90A-853150CB713B}.Release|Any CPU.Build.0 = Release|Any CPU
		{AA88E613-8E97-40B8-A9DD-2A6DF4F24EF7}.Debug|Any CPU.ActiveCfg = Debug|Any CPU
		{AA88E613-8E97-40B8-A9DD-2A6DF4F24EF7}.Debug|Any CPU.Build.0 = Debug|Any CPU
		{AA88E613-8E97-40B8-A9DD-2A6DF4F24EF7}.Release|Any CPU.ActiveCfg = Release|Any CPU
		{AA88E613-8E97-40B8-A9DD-2A6DF4F24EF7}.Release|Any CPU.Build.0 = Release|Any CPU
		{FD93E47E-05AD-4F19-9C51-C7231243B980}.Debug|Any CPU.ActiveCfg = Debug|Any CPU
		{FD93E47E-05AD-4F19-9C51-C7231243B980}.Debug|Any CPU.Build.0 = Debug|Any CPU
		{FD93E47E-05AD-4F19-9C51-C7231243B980}.Release|Any CPU.ActiveCfg = Release|Any CPU
		{FD93E47E-05AD-4F19-9C51-C7231243B980}.Release|Any CPU.Build.0 = Release|Any CPU
		{EE9D7835-FCBB-467A-B91C-66AC5FAF650B}.Debug|Any CPU.ActiveCfg = Debug|Any CPU
		{EE9D7835-FCBB-467A-B91C-66AC5FAF650B}.Debug|Any CPU.Build.0 = Debug|Any CPU
		{EE9D7835-FCBB-467A-B91C-66AC5FAF650B}.Release|Any CPU.ActiveCfg = Release|Any CPU
		{EE9D7835-FCBB-467A-B91C-66AC5FAF650B}.Release|Any CPU.Build.0 = Release|Any CPU
		{68304F87-699B-457A-978F-029DABB9121A}.Debug|Any CPU.ActiveCfg = Debug|Any CPU
		{68304F87-699B-457A-978F-029DABB9121A}.Debug|Any CPU.Build.0 = Debug|Any CPU
		{68304F87-699B-457A-978F-029DABB9121A}.Release|Any CPU.ActiveCfg = Release|Any CPU
		{68304F87-699B-457A-978F-029DABB9121A}.Release|Any CPU.Build.0 = Release|Any CPU
	EndGlobalSection
	GlobalSection(SolutionProperties) = preSolution
		HideSolutionNode = FALSE
	EndGlobalSection
	GlobalSection(ExtensibilityGlobals) = postSolution
		SolutionGuid = {52B5A096-E94F-4E25-975D-F2ADFB5B5C38}
	EndGlobalSection
EndGlobal
